
Microsoft Visual Studio Solution File, Format Version 11.00
# Visual Studio 2010
Project("{FAE04EC0-301F-11D3-BF4B-00C04F79EFBC}") = "ExtentUpdated", "ExtentUpdated\ExtentUpdated.csproj", "{0CB9C88B-71CE-40C8-93F2-9C1DCF9F3DF3}"
EndProject
Global
	GlobalSection(SolutionConfigurationPlatforms) = preSolution
		Debug|x86 = Debug|x86
		Release|x86 = Release|x86
	EndGlobalSection
	GlobalSection(ProjectConfigurationPlatforms) = postSolution
		{0CB9C88B-71CE-40C8-93F2-9C1DCF9F3DF3}.Debug|x86.ActiveCfg = Debug|x86
		{0CB9C88B-71CE-40C8-93F2-9C1DCF9F3DF3}.Debug|x86.Build.0 = Debug|x86
		{0CB9C88B-71CE-40C8-93F2-9C1DCF9F3DF3}.Release|x86.ActiveCfg = Release|x86
		{0CB9C88B-71CE-40C8-93F2-9C1DCF9F3DF3}.Release|x86.Build.0 = Release|x86
	EndGlobalSection
	GlobalSection(SolutionProperties) = preSolution
		HideSolutionNode = FALSE
	EndGlobalSection
EndGlobal
