
Microsoft Visual Studio Solution File, Format Version 11.00
# Visual Studio 2010
Project("{FAE04EC0-301F-11D3-BF4B-00C04F79EFBC}") = "XmlConfig", "XmlConfig\XmlConfig.csproj", "{F243DC88-1F86-4D94-9B0D-1340FC91DD90}"
EndProject
Global
	GlobalSection(SolutionConfigurationPlatforms) = preSolution
		Debug|x86 = Debug|x86
		Release|x86 = Release|x86
	EndGlobalSection
	GlobalSection(ProjectConfigurationPlatforms) = postSolution
		{F243DC88-1F86-4D94-9B0D-1340FC91DD90}.Debug|x86.ActiveCfg = Debug|x86
		{F243DC88-1F86-4D94-9B0D-1340FC91DD90}.Debug|x86.Build.0 = Debug|x86
		{F243DC88-1F86-4D94-9B0D-1340FC91DD90}.Release|x86.ActiveCfg = Release|x86
		{F243DC88-1F86-4D94-9B0D-1340FC91DD90}.Release|x86.Build.0 = Release|x86
	EndGlobalSection
	GlobalSection(SolutionProperties) = preSolution
		HideSolutionNode = FALSE
	EndGlobalSection
EndGlobal
